// !$*UTF8*$!
{
	archiveVersion = 1;
	classes = {
	};
	objectVersion = 46;
	objects = {

/* Begin PBXBuildFile section */
		04912C571C36C36900535EC8 /* Provineces.plist in Resources */ = {isa = PBXBuildFile; fileRef = 04912C561C36C36900535EC8 /* Provineces.plist */; };
		04912C5A1C36D62900535EC8 /* Province.m in Sources */ = {isa = PBXBuildFile; fileRef = 04912C591C36D62900535EC8 /* Province.m */; };
		04912C5D1C36D63300535EC8 /* City.m in Sources */ = {isa = PBXBuildFile; fileRef = 04912C5C1C36D63300535EC8 /* City.m */; };
		04912C621C37C2E700535EC8 /* 雾.png in Resources */ = {isa = PBXBuildFile; fileRef = 04912C611C37C2E700535EC8 /* 雾.png */; };
		04E11D831C36547E0080F06A /* main.m in Sources */ = {isa = PBXBuildFile; fileRef = 04E11D821C36547E0080F06A /* main.m */; };
		04E11D861C36547E0080F06A /* AppDelegate.m in Sources */ = {isa = PBXBuildFile; fileRef = 04E11D851C36547E0080F06A /* AppDelegate.m */; };
		04E11D891C36547E0080F06A /* ViewController.m in Sources */ = {isa = PBXBuildFile; fileRef = 04E11D881C36547E0080F06A /* ViewController.m */; };
		04E11D8C1C36547E0080F06A /* Main.storyboard in Resources */ = {isa = PBXBuildFile; fileRef = 04E11D8A1C36547E0080F06A /* Main.storyboard */; };
		04E11D8E1C36547E0080F06A /* Assets.xcassets in Resources */ = {isa = PBXBuildFile; fileRef = 04E11D8D1C36547E0080F06A /* Assets.xcassets */; };
		04E11D911C36547E0080F06A /* LaunchScreen.storyboard in Resources */ = {isa = PBXBuildFile; fileRef = 04E11D8F1C36547E0080F06A /* LaunchScreen.storyboard */; };
		04E11D9C1C36547E0080F06A /* ____Tests.m in Sources */ = {isa = PBXBuildFile; fileRef = 04E11D9B1C36547E0080F06A /* ____Tests.m */; };
		04E11DA71C36547E0080F06A /* ____UITests.m in Sources */ = {isa = PBXBuildFile; fileRef = 04E11DA61C36547E0080F06A /* ____UITests.m */; };
		04E11DBB1C365CDD0080F06A /* WeatherModel.m in Sources */ = {isa = PBXBuildFile; fileRef = 04E11DBA1C365CDC0080F06A /* WeatherModel.m */; };
		04E11DC01C36682C0080F06A /* BaseModel.m in Sources */ = {isa = PBXBuildFile; fileRef = 04E11DBD1C36682C0080F06A /* BaseModel.m */; };
		04E11DC11C36682C0080F06A /* UIViewExt.m in Sources */ = {isa = PBXBuildFile; fileRef = 04E11DBF1C36682C0080F06A /* UIViewExt.m */; };
		04E11DD31C366DD80080F06A /* 阴.png in Resources */ = {isa = PBXBuildFile; fileRef = 04E11DC31C366DD80080F06A /* 阴.png */; };
		04E11DD41C366DD80080F06A /* 小雪.png in Resources */ = {isa = PBXBuildFile; fileRef = 04E11DC41C366DD80080F06A /* 小雪.png */; };
		04E11DD61C366DD80080F06A /* 阵雨.png in Resources */ = {isa = PBXBuildFile; fileRef = 04E11DC61C366DD80080F06A /* 阵雨.png */; };
		04E11DD71C366DD80080F06A /* 中雨.png in Resources */ = {isa = PBXBuildFile; fileRef = 04E11DC71C366DD80080F06A /* 中雨.png */; };
		04E11DD81C366DD80080F06A /* 雪.png in Resources */ = {isa = PBXBuildFile; fileRef = 04E11DC81C366DD80080F06A /* 雪.png */; };
		04E11DD91C366DD80080F06A /* 霾.png in Resources */ = {isa = PBXBuildFile; fileRef = 04E11DC91C366DD80080F06A /* 霾.png */; };
		04E11DDA1C366DD80080F06A /* 晴.png in Resources */ = {isa = PBXBuildFile; fileRef = 04E11DCA1C366DD80080F06A /* 晴.png */; };
		04E11DDC1C366DD80080F06A /* 多云.png in Resources */ = {isa = PBXBuildFile; fileRef = 04E11DCC1C366DD80080F06A /* 多云.png */; };
		04E11DDD1C366DD80080F06A /* 雷.png in Resources */ = {isa = PBXBuildFile; fileRef = 04E11DCD1C366DD80080F06A /* 雷.png */; };
		04E11DDE1C366DD80080F06A /* 雷阵雨.png in Resources */ = {isa = PBXBuildFile; fileRef = 04E11DCE1C366DD80080F06A /* 雷阵雨.png */; };
		04E11DDF1C366DD80080F06A /* 雹.png in Resources */ = {isa = PBXBuildFile; fileRef = 04E11DCF1C366DD80080F06A /* 雹.png */; };
		04E11DE11C366DD80080F06A /* 小雨.png in Resources */ = {isa = PBXBuildFile; fileRef = 04E11DD11C366DD80080F06A /* 小雨.png */; };
		04E11DE21C366DD80080F06A /* 大雨.png in Resources */ = {isa = PBXBuildFile; fileRef = 04E11DD21C366DD80080F06A /* 大雨.png */; };
		04E11DE41C3674A50080F06A /* u=3289116498,2573696884&fm=21&gp=0.jpg in Resources */ = {isa = PBXBuildFile; fileRef = 04E11DE31C3674A50080F06A /* u=3289116498,2573696884&fm=21&gp=0.jpg */; };
		7F0D1A721C89991A001CEE5F /* UIView+Radius.m in Sources */ = {isa = PBXBuildFile; fileRef = 7F0D1A711C89991A001CEE5F /* UIView+Radius.m */; };
/* End PBXBuildFile section */

/* Begin PBXContainerItemProxy section */
		04E11D981C36547E0080F06A /* PBXContainerItemProxy */ = {
			isa = PBXContainerItemProxy;
			containerPortal = 04E11D761C36547E0080F06A /* Project object */;
			proxyType = 1;
			remoteGlobalIDString = 04E11D7D1C36547E0080F06A;
			remoteInfo = "天气预报";
		};
		04E11DA31C36547E0080F06A /* PBXContainerItemProxy */ = {
			isa = PBXContainerItemProxy;
			containerPortal = 04E11D761C36547E0080F06A /* Project object */;
			proxyType = 1;
			remoteGlobalIDString = 04E11D7D1C36547E0080F06A;
			remoteInfo = "天气预报";
		};
/* End PBXContainerItemProxy section */

/* Begin PBXFileReference section */
		04912C561C36C36900535EC8 /* Provineces.plist */ = {isa = PBXFileReference; fileEncoding = 4; lastKnownFileType = text.plist.xml; path = Provineces.plist; sourceTree = "<group>"; };
		04912C581C36D62900535EC8 /* Province.h */ = {isa = PBXFileReference; fileEncoding = 4; lastKnownFileType = sourcecode.c.h; path = Province.h; sourceTree = "<group>"; };
		04912C591C36D62900535EC8 /* Province.m */ = {isa = PBXFileReference; fileEncoding = 4; lastKnownFileType = sourcecode.c.objc; path = Province.m; sourceTree = "<group>"; };
		04912C5B1C36D63300535EC8 /* City.h */ = {isa = PBXFileReference; fileEncoding = 4; lastKnownFileType = sourcecode.c.h; path = City.h; sourceTree = "<group>"; };
		04912C5C1C36D63300535EC8 /* City.m */ = {isa = PBXFileReference; fileEncoding = 4; lastKnownFileType = sourcecode.c.objc; path = City.m; sourceTree = "<group>"; };
		04912C611C37C2E700535EC8 /* 雾.png */ = {isa = PBXFileReference; lastKnownFileType = image.png; path = "雾.png"; sourceTree = "<group>"; };
		04E11D7E1C36547E0080F06A /* 天气预报.app */ = {isa = PBXFileReference; explicitFileType = wrapper.application; includeInIndex = 0; path = "天气预报.app"; sourceTree = BUILT_PRODUCTS_DIR; };
		04E11D821C36547E0080F06A /* main.m */ = {isa = PBXFileReference; lastKnownFileType = sourcecode.c.objc; path = main.m; sourceTree = "<group>"; };
		04E11D841C36547E0080F06A /* AppDelegate.h */ = {isa = PBXFileReference; lastKnownFileType = sourcecode.c.h; path = AppDelegate.h; sourceTree = "<group>"; };
		04E11D851C36547E0080F06A /* AppDelegate.m */ = {isa = PBXFileReference; lastKnownFileType = sourcecode.c.objc; path = AppDelegate.m; sourceTree = "<group>"; };
		04E11D871C36547E0080F06A /* ViewController.h */ = {isa = PBXFileReference; lastKnownFileType = sourcecode.c.h; name = ViewController.h; path = ../ViewController.h; sourceTree = "<group>"; };
		04E11D881C36547E0080F06A /* ViewController.m */ = {isa = PBXFileReference; lastKnownFileType = sourcecode.c.objc; name = ViewController.m; path = ../ViewController.m; sourceTree = "<group>"; };
		04E11D8B1C36547E0080F06A /* Base */ = {isa = PBXFileReference; lastKnownFileType = file.storyboard; name = Base; path = Base.lproj/Main.storyboard; sourceTree = "<group>"; };
		04E11D8D1C36547E0080F06A /* Assets.xcassets */ = {isa = PBXFileReference; lastKnownFileType = folder.assetcatalog; path = Assets.xcassets; sourceTree = "<group>"; };
		04E11D901C36547E0080F06A /* Base */ = {isa = PBXFileReference; lastKnownFileType = file.storyboard; name = Base; path = Base.lproj/LaunchScreen.storyboard; sourceTree = "<group>"; };
		04E11D921C36547E0080F06A /* Info.plist */ = {isa = PBXFileReference; lastKnownFileType = text.plist.xml; path = Info.plist; sourceTree = "<group>"; };
		04E11D971C36547E0080F06A /* 天气预报Tests.xctest */ = {isa = PBXFileReference; explicitFileType = wrapper.cfbundle; includeInIndex = 0; path = "天气预报Tests.xctest"; sourceTree = BUILT_PRODUCTS_DIR; };
		04E11D9B1C36547E0080F06A /* ____Tests.m */ = {isa = PBXFileReference; lastKnownFileType = sourcecode.c.objc; path = "____Tests.m"; sourceTree = "<group>"; };
		04E11D9D1C36547E0080F06A /* Info.plist */ = {isa = PBXFileReference; lastKnownFileType = text.plist.xml; path = Info.plist; sourceTree = "<group>"; };
		04E11DA21C36547E0080F06A /* 天气预报UITests.xctest */ = {isa = PBXFileReference; explicitFileType = wrapper.cfbundle; includeInIndex = 0; path = "天气预报UITests.xctest"; sourceTree = BUILT_PRODUCTS_DIR; };
		04E11DA61C36547E0080F06A /* ____UITests.m */ = {isa = PBXFileReference; lastKnownFileType = sourcecode.c.objc; path = "____UITests.m"; sourceTree = "<group>"; };
		04E11DA81C36547E0080F06A /* Info.plist */ = {isa = PBXFileReference; lastKnownFileType = text.plist.xml; path = Info.plist; sourceTree = "<group>"; };
		04E11DB91C365CDC0080F06A /* WeatherModel.h */ = {isa = PBXFileReference; fileEncoding = 4; lastKnownFileType = sourcecode.c.h; path = WeatherModel.h; sourceTree = "<group>"; };
		04E11DBA1C365CDC0080F06A /* WeatherModel.m */ = {isa = PBXFileReference; fileEncoding = 4; lastKnownFileType = sourcecode.c.objc; path = WeatherModel.m; sourceTree = "<group>"; };
		04E11DBC1C36682C0080F06A /* BaseModel.h */ = {isa = PBXFileReference; fileEncoding = 4; lastKnownFileType = sourcecode.c.h; path = BaseModel.h; sourceTree = "<group>"; };
		04E11DBD1C36682C0080F06A /* BaseModel.m */ = {isa = PBXFileReference; fileEncoding = 4; lastKnownFileType = sourcecode.c.objc; path = BaseModel.m; sourceTree = "<group>"; };
		04E11DBE1C36682C0080F06A /* UIViewExt.h */ = {isa = PBXFileReference; fileEncoding = 4; lastKnownFileType = sourcecode.c.h; path = UIViewExt.h; sourceTree = "<group>"; };
		04E11DBF1C36682C0080F06A /* UIViewExt.m */ = {isa = PBXFileReference; fileEncoding = 4; lastKnownFileType = sourcecode.c.objc; path = UIViewExt.m; sourceTree = "<group>"; };
		04E11DC31C366DD80080F06A /* 阴.png */ = {isa = PBXFileReference; lastKnownFileType = image.png; path = "阴.png"; sourceTree = "<group>"; };
		04E11DC41C366DD80080F06A /* 小雪.png */ = {isa = PBXFileReference; lastKnownFileType = image.png; path = "小雪.png"; sourceTree = "<group>"; };
		04E11DC61C366DD80080F06A /* 阵雨.png */ = {isa = PBXFileReference; lastKnownFileType = image.png; path = "阵雨.png"; sourceTree = "<group>"; };
		04E11DC71C366DD80080F06A /* 中雨.png */ = {isa = PBXFileReference; lastKnownFileType = image.png; path = "中雨.png"; sourceTree = "<group>"; };
		04E11DC81C366DD80080F06A /* 雪.png */ = {isa = PBXFileReference; lastKnownFileType = image.png; path = "雪.png"; sourceTree = "<group>"; };
		04E11DC91C366DD80080F06A /* 霾.png */ = {isa = PBXFileReference; lastKnownFileType = image.png; path = "霾.png"; sourceTree = "<group>"; };
		04E11DCA1C366DD80080F06A /* 晴.png */ = {isa = PBXFileReference; lastKnownFileType = image.png; path = "晴.png"; sourceTree = "<group>"; };
		04E11DCC1C366DD80080F06A /* 多云.png */ = {isa = PBXFileReference; lastKnownFileType = image.png; path = "多云.png"; sourceTree = "<group>"; };
		04E11DCD1C366DD80080F06A /* 雷.png */ = {isa = PBXFileReference; lastKnownFileType = image.png; path = "雷.png"; sourceTree = "<group>"; };
		04E11DCE1C366DD80080F06A /* 雷阵雨.png */ = {isa = PBXFileReference; lastKnownFileType = image.png; path = "雷阵雨.png"; sourceTree = "<group>"; };
		04E11DCF1C366DD80080F06A /* 雹.png */ = {isa = PBXFileReference; lastKnownFileType = image.png; path = "雹.png"; sourceTree = "<group>"; };
		04E11DD11C366DD80080F06A /* 小雨.png */ = {isa = PBXFileReference; lastKnownFileType = image.png; path = "小雨.png"; sourceTree = "<group>"; };
		04E11DD21C366DD80080F06A /* 大雨.png */ = {isa = PBXFileReference; lastKnownFileType = image.png; path = "大雨.png"; sourceTree = "<group>"; };
		04E11DE31C3674A50080F06A /* u=3289116498,2573696884&fm=21&gp=0.jpg */ = {isa = PBXFileReference; lastKnownFileType = image.jpeg; path = "u=3289116498,2573696884&fm=21&gp=0.jpg"; sourceTree = "<group>"; };
		7F0D1A701C89991A001CEE5F /* UIView+Radius.h */ = {isa = PBXFileReference; fileEncoding = 4; lastKnownFileType = sourcecode.c.h; path = "UIView+Radius.h"; sourceTree = "<group>"; };
		7F0D1A711C89991A001CEE5F /* UIView+Radius.m */ = {isa = PBXFileReference; fileEncoding = 4; lastKnownFileType = sourcecode.c.objc; path = "UIView+Radius.m"; sourceTree = "<group>"; };
/* End PBXFileReference section */

/* Begin PBXFrameworksBuildPhase section */
		04E11D7B1C36547E0080F06A /* Frameworks */ = {
			isa = PBXFrameworksBuildPhase;
			buildActionMask = 2147483647;
			files = (
			);
			runOnlyForDeploymentPostprocessing = 0;
		};
		04E11D941C36547E0080F06A /* Frameworks */ = {
			isa = PBXFrameworksBuildPhase;
			buildActionMask = 2147483647;
			files = (
			);
			runOnlyForDeploymentPostprocessing = 0;
		};
		04E11D9F1C36547E0080F06A /* Frameworks */ = {
			isa = PBXFrameworksBuildPhase;
			buildActionMask = 2147483647;
			files = (
			);
			runOnlyForDeploymentPostprocessing = 0;
		};
/* End PBXFrameworksBuildPhase section */

/* Begin PBXGroup section */
		04E11D751C36547E0080F06A = {
			isa = PBXGroup;
			children = (
				04E11D801C36547E0080F06A /* 天气预报 */,
				04E11D9A1C36547E0080F06A /* 天气预报Tests */,
				04E11DA51C36547E0080F06A /* 天气预报UITests */,
				04E11D7F1C36547E0080F06A /* Products */,
			);
			sourceTree = "<group>";
		};
		04E11D7F1C36547E0080F06A /* Products */ = {
			isa = PBXGroup;
			children = (
				04E11D7E1C36547E0080F06A /* 天气预报.app */,
				04E11D971C36547E0080F06A /* 天气预报Tests.xctest */,
				04E11DA21C36547E0080F06A /* 天气预报UITests.xctest */,
			);
			name = Products;
			sourceTree = "<group>";
		};
		04E11D801C36547E0080F06A /* 天气预报 */ = {
			isa = PBXGroup;
			children = (
				04E11D841C36547E0080F06A /* AppDelegate.h */,
				04E11D851C36547E0080F06A /* AppDelegate.m */,
				04E11D8A1C36547E0080F06A /* Main.storyboard */,
				04E11DB61C365CB80080F06A /* controller */,
				04E11DB71C365CB80080F06A /* model */,
				04E11DB81C365CB80080F06A /* view */,
				04E11D8D1C36547E0080F06A /* Assets.xcassets */,
				04E11D8F1C36547E0080F06A /* LaunchScreen.storyboard */,
				04E11D921C36547E0080F06A /* Info.plist */,
				04E11D811C36547E0080F06A /* Supporting Files */,
				7F0D1A701C89991A001CEE5F /* UIView+Radius.h */,
				7F0D1A711C89991A001CEE5F /* UIView+Radius.m */,
			);
			path = "天气预报";
			sourceTree = "<group>";
		};
		04E11D811C36547E0080F06A /* Supporting Files */ = {
			isa = PBXGroup;
			children = (
				04E11DC21C366DD80080F06A /* 天气图标 */,
				04912C561C36C36900535EC8 /* Provineces.plist */,
				04E11DBC1C36682C0080F06A /* BaseModel.h */,
				04E11DBD1C36682C0080F06A /* BaseModel.m */,
				04E11DBE1C36682C0080F06A /* UIViewExt.h */,
				04E11DBF1C36682C0080F06A /* UIViewExt.m */,
				04E11D821C36547E0080F06A /* main.m */,
			);
			name = "Supporting Files";
			sourceTree = "<group>";
		};
		04E11D9A1C36547E0080F06A /* 天气预报Tests */ = {
			isa = PBXGroup;
			children = (
				04E11D9B1C36547E0080F06A /* ____Tests.m */,
				04E11D9D1C36547E0080F06A /* Info.plist */,
			);
			path = "天气预报Tests";
			sourceTree = "<group>";
		};
		04E11DA51C36547E0080F06A /* 天气预报UITests */ = {
			isa = PBXGroup;
			children = (
				04E11DA61C36547E0080F06A /* ____UITests.m */,
				04E11DA81C36547E0080F06A /* Info.plist */,
			);
			path = "天气预报UITests";
			sourceTree = "<group>";
		};
		04E11DB61C365CB80080F06A /* controller */ = {
			isa = PBXGroup;
			children = (
				04E11D871C36547E0080F06A /* ViewController.h */,
				04E11D881C36547E0080F06A /* ViewController.m */,
			);
			path = controller;
			sourceTree = "<group>";
		};
		04E11DB71C365CB80080F06A /* model */ = {
			isa = PBXGroup;
			children = (
				04E11DB91C365CDC0080F06A /* WeatherModel.h */,
				04E11DBA1C365CDC0080F06A /* WeatherModel.m */,
				04912C581C36D62900535EC8 /* Province.h */,
				04912C591C36D62900535EC8 /* Province.m */,
				04912C5B1C36D63300535EC8 /* City.h */,
				04912C5C1C36D63300535EC8 /* City.m */,
			);
			path = model;
			sourceTree = "<group>";
		};
		04E11DB81C365CB80080F06A /* view */ = {
			isa = PBXGroup;
			children = (
			);
			path = view;
			sourceTree = "<group>";
		};
		04E11DC21C366DD80080F06A /* 天气图标 */ = {
			isa = PBXGroup;
			children = (
				04912C611C37C2E700535EC8 /* 雾.png */,
				04E11DE31C3674A50080F06A /* u=3289116498,2573696884&fm=21&gp=0.jpg */,
				04E11DC31C366DD80080F06A /* 阴.png */,
				04E11DC41C366DD80080F06A /* 小雪.png */,
				04E11DC61C366DD80080F06A /* 阵雨.png */,
				04E11DC71C366DD80080F06A /* 中雨.png */,
				04E11DC81C366DD80080F06A /* 雪.png */,
				04E11DC91C366DD80080F06A /* 霾.png */,
				04E11DCA1C366DD80080F06A /* 晴.png */,
				04E11DCC1C366DD80080F06A /* 多云.png */,
				04E11DCD1C366DD80080F06A /* 雷.png */,
				04E11DCE1C366DD80080F06A /* 雷阵雨.png */,
				04E11DCF1C366DD80080F06A /* 雹.png */,
				04E11DD11C366DD80080F06A /* 小雨.png */,
				04E11DD21C366DD80080F06A /* 大雨.png */,
			);
			path = "天气图标";
			sourceTree = "<group>";
		};
/* End PBXGroup section */

/* Begin PBXNativeTarget section */
		04E11D7D1C36547E0080F06A /* 天气预报 */ = {
			isa = PBXNativeTarget;
			buildConfigurationList = 04E11DAB1C36547E0080F06A /* Build configuration list for PBXNativeTarget "天气预报" */;
			buildPhases = (
				04E11D7A1C36547E0080F06A /* Sources */,
				04E11D7B1C36547E0080F06A /* Frameworks */,
				04E11D7C1C36547E0080F06A /* Resources */,
			);
			buildRules = (
			);
			dependencies = (
			);
			name = "天气预报";
			productName = "天气预报";
			productReference = 04E11D7E1C36547E0080F06A /* 天气预报.app */;
			productType = "com.apple.product-type.application";
		};
		04E11D961C36547E0080F06A /* 天气预报Tests */ = {
			isa = PBXNativeTarget;
			buildConfigurationList = 04E11DAE1C36547E0080F06A /* Build configuration list for PBXNativeTarget "天气预报Tests" */;
			buildPhases = (
				04E11D931C36547E0080F06A /* Sources */,
				04E11D941C36547E0080F06A /* Frameworks */,
				04E11D951C36547E0080F06A /* Resources */,
			);
			buildRules = (
			);
			dependencies = (
				04E11D991C36547E0080F06A /* PBXTargetDependency */,
			);
			name = "天气预报Tests";
			productName = "天气预报Tests";
			productReference = 04E11D971C36547E0080F06A /* 天气预报Tests.xctest */;
			productType = "com.apple.product-type.bundle.unit-test";
		};
		04E11DA11C36547E0080F06A /* 天气预报UITests */ = {
			isa = PBXNativeTarget;
			buildConfigurationList = 04E11DB11C36547E0080F06A /* Build configuration list for PBXNativeTarget "天气预报UITests" */;
			buildPhases = (
				04E11D9E1C36547E0080F06A /* Sources */,
				04E11D9F1C36547E0080F06A /* Frameworks */,
				04E11DA01C36547E0080F06A /* Resources */,
			);
			buildRules = (
			);
			dependencies = (
				04E11DA41C36547E0080F06A /* PBXTargetDependency */,
			);
			name = "天气预报UITests";
			productName = "天气预报UITests";
			productReference = 04E11DA21C36547E0080F06A /* 天气预报UITests.xctest */;
			productType = "com.apple.product-type.bundle.ui-testing";
		};
/* End PBXNativeTarget section */

/* Begin PBXProject section */
		04E11D761C36547E0080F06A /* Project object */ = {
			isa = PBXProject;
			attributes = {
				LastUpgradeCheck = 0710;
				ORGANIZATIONNAME = mac;
				TargetAttributes = {
					04E11D7D1C36547E0080F06A = {
						CreatedOnToolsVersion = 7.1;
					};
					04E11D961C36547E0080F06A = {
						CreatedOnToolsVersion = 7.1;
						TestTargetID = 04E11D7D1C36547E0080F06A;
					};
					04E11DA11C36547E0080F06A = {
						CreatedOnToolsVersion = 7.1;
						TestTargetID = 04E11D7D1C36547E0080F06A;
					};
				};
			};
			buildConfigurationList = 04E11D791C36547E0080F06A /* Build configuration list for PBXProject "天气预报" */;
			compatibilityVersion = "Xcode 3.2";
			developmentRegion = English;
			hasScannedForEncodings = 0;
			knownRegions = (
				en,
				Base,
			);
			mainGroup = 04E11D751C36547E0080F06A;
			productRefGroup = 04E11D7F1C36547E0080F06A /* Products */;
			projectDirPath = "";
			projectRoot = "";
			targets = (
				04E11D7D1C36547E0080F06A /* 天气预报 */,
				04E11D961C36547E0080F06A /* 天气预报Tests */,
				04E11DA11C36547E0080F06A /* 天气预报UITests */,
			);
		};
/* End PBXProject section */

/* Begin PBXResourcesBuildPhase section */
		04E11D7C1C36547E0080F06A /* Resources */ = {
			isa = PBXResourcesBuildPhase;
			buildActionMask = 2147483647;
			files = (
				04E11DD41C366DD80080F06A /* 小雪.png in Resources */,
				04E11D911C36547E0080F06A /* LaunchScreen.storyboard in Resources */,
				04912C621C37C2E700535EC8 /* 雾.png in Resources */,
				04E11DD71C366DD80080F06A /* 中雨.png in Resources */,
				04E11DD31C366DD80080F06A /* 阴.png in Resources */,
				04E11DDC1C366DD80080F06A /* 多云.png in Resources */,
				04E11D8E1C36547E0080F06A /* Assets.xcassets in Resources */,
				04E11DDA1C366DD80080F06A /* 晴.png in Resources */,
				04E11DDD1C366DD80080F06A /* 雷.png in Resources */,
				04E11DE11C366DD80080F06A /* 小雨.png in Resources */,
				04E11DDF1C366DD80080F06A /* 雹.png in Resources */,
				04E11DE41C3674A50080F06A /* u=3289116498,2573696884&fm=21&gp=0.jpg in Resources */,
				04E11DD91C366DD80080F06A /* 霾.png in Resources */,
				04E11DE21C366DD80080F06A /* 大雨.png in Resources */,
				04E11DD81C366DD80080F06A /* 雪.png in Resources */,
				04E11D8C1C36547E0080F06A /* Main.storyboard in Resources */,
				04912C571C36C36900535EC8 /* Provineces.plist in Resources */,
				04E11DDE1C366DD80080F06A /* 雷阵雨.png in Resources */,
				04E11DD61C366DD80080F06A /* 阵雨.png in Resources */,
			);
			runOnlyForDeploymentPostprocessing = 0;
		};
		04E11D951C36547E0080F06A /* Resources */ = {
			isa = PBXResourcesBuildPhase;
			buildActionMask = 2147483647;
			files = (
			);
			runOnlyForDeploymentPostprocessing = 0;
		};
		04E11DA01C36547E0080F06A /* Resources */ = {
			isa = PBXResourcesBuildPhase;
			buildActionMask = 2147483647;
			files = (
			);
			runOnlyForDeploymentPostprocessing = 0;
		};
/* End PBXResourcesBuildPhase section */

/* Begin PBXSourcesBuildPhase section */
		04E11D7A1C36547E0080F06A /* Sources */ = {
			isa = PBXSourcesBuildPhase;
			buildActionMask = 2147483647;
			files = (
				04E11D891C36547E0080F06A /* ViewController.m in Sources */,
				04E11D861C36547E0080F06A /* AppDelegate.m in Sources */,
				7F0D1A721C89991A001CEE5F /* UIView+Radius.m in Sources */,
				04912C5D1C36D63300535EC8 /* City.m in Sources */,
				04E11DBB1C365CDD0080F06A /* WeatherModel.m in Sources */,
				04E11DC01C36682C0080F06A /* BaseModel.m in Sources */,
				04912C5A1C36D62900535EC8 /* Province.m in Sources */,
				04E11DC11C36682C0080F06A /* UIViewExt.m in Sources */,
				04E11D831C36547E0080F06A /* main.m in Sources */,
			);
			runOnlyForDeploymentPostprocessing = 0;
		};
		04E11D931C36547E0080F06A /* Sources */ = {
			isa = PBXSourcesBuildPhase;
			buildActionMask = 2147483647;
			files = (
				04E11D9C1C36547E0080F06A /* ____Tests.m in Sources */,
			);
			runOnlyForDeploymentPostprocessing = 0;
		};
		04E11D9E1C36547E0080F06A /* Sources */ = {
			isa = PBXSourcesBuildPhase;
			buildActionMask = 2147483647;
			files = (
				04E11DA71C36547E0080F06A /* ____UITests.m in Sources */,
			);
			runOnlyForDeploymentPostprocessing = 0;
		};
/* End PBXSourcesBuildPhase section */

/* Begin PBXTargetDependency section */
		04E11D991C36547E0080F06A /* PBXTargetDependency */ = {
			isa = PBXTargetDependency;
			target = 04E11D7D1C36547E0080F06A /* 天气预报 */;
			targetProxy = 04E11D981C36547E0080F06A /* PBXContainerItemProxy */;
		};
		04E11DA41C36547E0080F06A /* PBXTargetDependency */ = {
			isa = PBXTargetDependency;
			target = 04E11D7D1C36547E0080F06A /* 天气预报 */;
			targetProxy = 04E11DA31C36547E0080F06A /* PBXContainerItemProxy */;
		};
/* End PBXTargetDependency section */

/* Begin PBXVariantGroup section */
		04E11D8A1C36547E0080F06A /* Main.storyboard */ = {
			isa = PBXVariantGroup;
			children = (
				04E11D8B1C36547E0080F06A /* Base */,
			);
			name = Main.storyboard;
			sourceTree = "<group>";
		};
		04E11D8F1C36547E0080F06A /* LaunchScreen.storyboard */ = {
			isa = PBXVariantGroup;
			children = (
				04E11D901C36547E0080F06A /* Base */,
			);
			name = LaunchScreen.storyboard;
			sourceTree = "<group>";
		};
/* End PBXVariantGroup section */

/* Begin XCBuildConfiguration section */
		04E11DA91C36547E0080F06A /* Debug */ = {
			isa = XCBuildConfiguration;
			buildSettings = {
				ALWAYS_SEARCH_USER_PATHS = NO;
				CLANG_CXX_LANGUAGE_STANDARD = "gnu++0x";
				CLANG_CXX_LIBRARY = "libc++";
				CLANG_ENABLE_MODULES = YES;
				CLANG_ENABLE_OBJC_ARC = YES;
				CLANG_WARN_BOOL_CONVERSION = YES;
				CLANG_WARN_CONSTANT_CONVERSION = YES;
				CLANG_WARN_DIRECT_OBJC_ISA_USAGE = YES_ERROR;
				CLANG_WARN_EMPTY_BODY = YES;
				CLANG_WARN_ENUM_CONVERSION = YES;
				CLANG_WARN_INT_CONVERSION = YES;
				CLANG_WARN_OBJC_ROOT_CLASS = YES_ERROR;
				CLANG_WARN_UNREACHABLE_CODE = YES;
				CLANG_WARN__DUPLICATE_METHOD_MATCH = YES;
				"CODE_SIGN_IDENTITY[sdk=iphoneos*]" = "iPhone Developer";
				COPY_PHASE_STRIP = NO;
				DEBUG_INFORMATION_FORMAT = dwarf;
				ENABLE_STRICT_OBJC_MSGSEND = YES;
				ENABLE_TESTABILITY = YES;
				GCC_C_LANGUAGE_STANDARD = gnu99;
				GCC_DYNAMIC_NO_PIC = NO;
				GCC_NO_COMMON_BLOCKS = YES;
				GCC_OPTIMIZATION_LEVEL = 0;
				GCC_PREPROCESSOR_DEFINITIONS = (
					"DEBUG=1",
					"$(inherited)",
				);
				GCC_WARN_64_TO_32_BIT_CONVERSION = YES;
				GCC_WARN_ABOUT_RETURN_TYPE = YES_ERROR;
				GCC_WARN_UNDECLARED_SELECTOR = YES;
				GCC_WARN_UNINITIALIZED_AUTOS = YES_AGGRESSIVE;
				GCC_WARN_UNUSED_FUNCTION = YES;
				GCC_WARN_UNUSED_VARIABLE = YES;
				IPHONEOS_DEPLOYMENT_TARGET = 9.1;
				MTL_ENABLE_DEBUG_INFO = YES;
				ONLY_ACTIVE_ARCH = YES;
				SDKROOT = iphoneos;
			};
			name = Debug;
		};
		04E11DAA1C36547E0080F06A /* Release */ = {
			isa = XCBuildConfiguration;
			buildSettings = {
				ALWAYS_SEARCH_USER_PATHS = NO;
				CLANG_CXX_LANGUAGE_STANDARD = "gnu++0x";
				CLANG_CXX_LIBRARY = "libc++";
				CLANG_ENABLE_MODULES = YES;
				CLANG_ENABLE_OBJC_ARC = YES;
				CLANG_WARN_BOOL_CONVERSION = YES;
				CLANG_WARN_CONSTANT_CONVERSION = YES;
				CLANG_WARN_DIRECT_OBJC_ISA_USAGE = YES_ERROR;
				CLANG_WARN_EMPTY_BODY = YES;
				CLANG_WARN_ENUM_CONVERSION = YES;
				CLANG_WARN_INT_CONVERSION = YES;
				CLANG_WARN_OBJC_ROOT_CLASS = YES_ERROR;
				CLANG_WARN_UNREACHABLE_CODE = YES;
				CLANG_WARN__DUPLICATE_METHOD_MATCH = YES;
				"CODE_SIGN_IDENTITY[sdk=iphoneos*]" = "iPhone Developer";
				COPY_PHASE_STRIP = NO;
				DEBUG_INFORMATION_FORMAT = "dwarf-with-dsym";
				ENABLE_NS_ASSERTIONS = NO;
				ENABLE_STRICT_OBJC_MSGSEND = YES;
				GCC_C_LANGUAGE_STANDARD = gnu99;
				GCC_NO_COMMON_BLOCKS = YES;
				GCC_WARN_64_TO_32_BIT_CONVERSION = YES;
				GCC_WARN_ABOUT_RETURN_TYPE = YES_ERROR;
				GCC_WARN_UNDECLARED_SELECTOR = YES;
				GCC_WARN_UNINITIALIZED_AUTOS = YES_AGGRESSIVE;
				GCC_WARN_UNUSED_FUNCTION = YES;
				GCC_WARN_UNUSED_VARIABLE = YES;
				IPHONEOS_DEPLOYMENT_TARGET = 9.1;
				MTL_ENABLE_DEBUG_INFO = NO;
				SDKROOT = iphoneos;
				VALIDATE_PRODUCT = YES;
			};
			name = Release;
		};
		04E11DAC1C36547E0080F06A /* Debug */ = {
			isa = XCBuildConfiguration;
			buildSettings = {
				ASSETCATALOG_COMPILER_APPICON_NAME = AppIcon;
				INFOPLIST_FILE = "天气预报/Info.plist";
				LD_RUNPATH_SEARCH_PATHS = "$(inherited) @executable_path/Frameworks";
				PRODUCT_BUNDLE_IDENTIFIER = "UI----.----";
				PRODUCT_NAME = "$(TARGET_NAME)";
			};
			name = Debug;
		};
		04E11DAD1C36547E0080F06A /* Release */ = {
			isa = XCBuildConfiguration;
			buildSettings = {
				ASSETCATALOG_COMPILER_APPICON_NAME = AppIcon;
				INFOPLIST_FILE = "天气预报/Info.plist";
				LD_RUNPATH_SEARCH_PATHS = "$(inherited) @executable_path/Frameworks";
				PRODUCT_BUNDLE_IDENTIFIER = "UI----.----";
				PRODUCT_NAME = "$(TARGET_NAME)";
			};
			name = Release;
		};
		04E11DAF1C36547E0080F06A /* Debug */ = {
			isa = XCBuildConfiguration;
			buildSettings = {
				BUNDLE_LOADER = "$(TEST_HOST)";
				INFOPLIST_FILE = "天气预报Tests/Info.plist";
				LD_RUNPATH_SEARCH_PATHS = "$(inherited) @executable_path/Frameworks @loader_path/Frameworks";
				PRODUCT_BUNDLE_IDENTIFIER = "UI----.----Tests";
				PRODUCT_NAME = "$(TARGET_NAME)";
				TEST_HOST = "$(BUILT_PRODUCTS_DIR)/天气预报.app/天气预报";
			};
			name = Debug;
		};
		04E11DB01C36547E0080F06A /* Release */ = {
			isa = XCBuildConfiguration;
			buildSettings = {
				BUNDLE_LOADER = "$(TEST_HOST)";
				INFOPLIST_FILE = "天气预报Tests/Info.plist";
				LD_RUNPATH_SEARCH_PATHS = "$(inherited) @executable_path/Frameworks @loader_path/Frameworks";
				PRODUCT_BUNDLE_IDENTIFIER = "UI----.----Tests";
				PRODUCT_NAME = "$(TARGET_NAME)";
				TEST_HOST = "$(BUILT_PRODUCTS_DIR)/天气预报.app/天气预报";
			};
			name = Release;
		};
		04E11DB21C36547E0080F06A /* Debug */ = {
			isa = XCBuildConfiguration;
			buildSettings = {
				INFOPLIST_FILE = "天气预报UITests/Info.plist";
				LD_RUNPATH_SEARCH_PATHS = "$(inherited) @executable_path/Frameworks @loader_path/Frameworks";
				PRODUCT_BUNDLE_IDENTIFIER = "UI----.----UITests";
				PRODUCT_NAME = "$(TARGET_NAME)";
				TEST_TARGET_NAME = "天气预报";
				USES_XCTRUNNER = YES;
			};
			name = Debug;
		};
		04E11DB31C36547E0080F06A /* Release */ = {
			isa = XCBuildConfiguration;
			buildSettings = {
				INFOPLIST_FILE = "天气预报UITests/Info.plist";
				LD_RUNPATH_SEARCH_PATHS = "$(inherited) @executable_path/Frameworks @loader_path/Frameworks";
				PRODUCT_BUNDLE_IDENTIFIER = "UI----.----UITests";
				PRODUCT_NAME = "$(TARGET_NAME)";
				TEST_TARGET_NAME = "天气预报";
				USES_XCTRUNNER = YES;
			};
			name = Release;
		};
/* End XCBuildConfiguration section */

/* Begin XCConfigurationList section */
		04E11D791C36547E0080F06A /* Build configuration list for PBXProject "天气预报" */ = {
			isa = XCConfigurationList;
			buildConfigurations = (
				04E11DA91C36547E0080F06A /* Debug */,
				04E11DAA1C36547E0080F06A /* Release */,
			);
			defaultConfigurationIsVisible = 0;
			defaultConfigurationName = Release;
		};
		04E11DAB1C36547E0080F06A /* Build configuration list for PBXNativeTarget "天气预报" */ = {
			isa = XCConfigurationList;
			buildConfigurations = (
				04E11DAC1C36547E0080F06A /* Debug */,
				04E11DAD1C36547E0080F06A /* Release */,
			);
			defaultConfigurationIsVisible = 0;
			defaultConfigurationName = Release;
		};
		04E11DAE1C36547E0080F06A /* Build configuration list for PBXNativeTarget "天气预报Tests" */ = {
			isa = XCConfigurationList;
			buildConfigurations = (
				04E11DAF1C36547E0080F06A /* Debug */,
				04E11DB01C36547E0080F06A /* Release */,
			);
			defaultConfigurationIsVisible = 0;
			defaultConfigurationName = Release;
		};
		04E11DB11C36547E0080F06A /* Build configuration list for PBXNativeTarget "天气预报UITests" */ = {
			isa = XCConfigurationList;
			buildConfigurations = (
				04E11DB21C36547E0080F06A /* Debug */,
				04E11DB31C36547E0080F06A /* Release */,
			);
			defaultConfigurationIsVisible = 0;
			defaultConfigurationName = Release;
		};
/* End XCConfigurationList section */
	};
	rootObject = 04E11D761C36547E0080F06A /* Project object */;
}
